# This file is automatically @generated by Cargo.
# It is not intended for manual editing.
version = 3

[[package]]
name = "meldritch-audio"
version = "0.1.0"
dependencies = [
 "meldritch-core",
]

[[package]]
name = "meldritch-cli"
version = "0.1.0"
dependencies = [
 "meldritch-core",
]

[[package]]
name = "meldritch-core"
version = "0.1.0"
